
Microsoft Visual Studio Solution File, Format Version 12.00
# Visual Studio 14
VisualStudioVersion = 14.0.25420.1
MinimumVisualStudioVersion = 10.0.40219.1
Project("{FAE04EC0-301F-11D3-BF4B-00C04F79EFBC}") = "MobileApp", "MobileApp\MobileApp\MobileApp.csproj", "{197C1943-7673-4ADE-BAC5-55D7D20C568C}"
EndProject
Project("{FAE04EC0-301F-11D3-BF4B-00C04F79EFBC}") = "MobileApp.Droid", "MobileApp\MobileApp.Droid\MobileApp.Droid.csproj", "{B3405370-022C-4BB5-B645-BCB087DB7885}"
EndProject
Global
	GlobalSection(SolutionConfigurationPlatforms) = preSolution
		Ad-Hoc|Any CPU = Ad-Hoc|Any CPU
		Ad-Hoc|iPhone = Ad-Hoc|iPhone
		Ad-Hoc|iPhoneSimulator = Ad-Hoc|iPhoneSimulator
		AppStore|Any CPU = AppStore|Any CPU
		AppStore|iPhone = AppStore|iPhone
		AppStore|iPhoneSimulator = AppStore|iPhoneSimulator
		Debug|Any CPU = Debug|Any CPU
		Debug|iPhone = Debug|iPhone
		Debug|iPhoneSimulator = Debug|iPhoneSimulator
		Release|Any CPU = Release|Any CPU
		Release|iPhone = Release|iPhone
		Release|iPhoneSimulator = Release|iPhoneSimulator
	EndGlobalSection
	GlobalSection(ProjectConfigurationPlatforms) = postSolution
		{197C1943-7673-4ADE-BAC5-55D7D20C568C}.Ad-Hoc|Any CPU.ActiveCfg = Release|Any CPU
		{197C1943-7673-4ADE-BAC5-55D7D20C568C}.Ad-Hoc|Any CPU.Build.0 = Release|Any CPU
		{197C1943-7673-4ADE-BAC5-55D7D20C568C}.Ad-Hoc|iPhone.ActiveCfg = Release|Any CPU
		{197C1943-7673-4ADE-BAC5-55D7D20C568C}.Ad-Hoc|iPhone.Build.0 = Release|Any CPU
		{197C1943-7673-4ADE-BAC5-55D7D20C568C}.Ad-Hoc|iPhoneSimulator.ActiveCfg = Release|Any CPU
		{197C1943-7673-4ADE-BAC5-55D7D20C568C}.Ad-Hoc|iPhoneSimulator.Build.0 = Release|Any CPU
		{197C1943-7673-4ADE-BAC5-55D7D20C568C}.AppStore|Any CPU.ActiveCfg = Release|Any CPU
		{197C1943-7673-4ADE-BAC5-55D7D20C568C}.AppStore|Any CPU.Build.0 = Release|Any CPU
		{197C1943-7673-4ADE-BAC5-55D7D20C568C}.AppStore|iPhone.ActiveCfg = Release|Any CPU
		{197C1943-7673-4ADE-BAC5-55D7D20C568C}.AppStore|iPhone.Build.0 = Release|Any CPU
		{197C1943-7673-4ADE-BAC5-55D7D20C568C}.AppStore|iPhoneSimulator.ActiveCfg = Release|Any CPU
		{197C1943-7673-4ADE-BAC5-55D7D20C568C}.AppStore|iPhoneSimulator.Build.0 = Release|Any CPU
		{197C1943-7673-4ADE-BAC5-55D7D20C568C}.Debug|Any CPU.ActiveCfg = Debug|Any CPU
		{197C1943-7673-4ADE-BAC5-55D7D20C568C}.Debug|Any CPU.Build.0 = Debug|Any CPU
		{197C1943-7673-4ADE-BAC5-55D7D20C568C}.Debug|iPhone.ActiveCfg = Debug|Any CPU
		{197C1943-7673-4ADE-BAC5-55D7D20C568C}.Debug|iPhone.Build.0 = Debug|Any CPU
		{197C1943-7673-4ADE-BAC5-55D7D20C568C}.Debug|iPhoneSimulator.ActiveCfg = Debug|Any CPU
		{197C1943-7673-4ADE-BAC5-55D7D20C568C}.Debug|iPhoneSimulator.Build.0 = Debug|Any CPU
		{197C1943-7673-4ADE-BAC5-55D7D20C568C}.Release|Any CPU.ActiveCfg = Release|Any CPU
		{197C1943-7673-4ADE-BAC5-55D7D20C568C}.Release|Any CPU.Build.0 = Release|Any CPU
		{197C1943-7673-4ADE-BAC5-55D7D20C568C}.Release|iPhone.ActiveCfg = Release|Any CPU
		{197C1943-7673-4ADE-BAC5-55D7D20C568C}.Release|iPhone.Build.0 = Release|Any CPU
		{197C1943-7673-4ADE-BAC5-55D7D20C568C}.Release|iPhoneSimulator.ActiveCfg = Release|Any CPU
		{197C1943-7673-4ADE-BAC5-55D7D20C568C}.Release|iPhoneSimulator.Build.0 = Release|Any CPU
		{B3405370-022C-4BB5-B645-BCB087DB7885}.Ad-Hoc|Any CPU.ActiveCfg = Release|Any CPU
		{B3405370-022C-4BB5-B645-BCB087DB7885}.Ad-Hoc|Any CPU.Build.0 = Release|Any CPU
		{B3405370-022C-4BB5-B645-BCB087DB7885}.Ad-Hoc|Any CPU.Deploy.0 = Release|Any CPU
		{B3405370-022C-4BB5-B645-BCB087DB7885}.Ad-Hoc|iPhone.ActiveCfg = Release|Any CPU
		{B3405370-022C-4BB5-B645-BCB087DB7885}.Ad-Hoc|iPhone.Build.0 = Release|Any CPU
		{B3405370-022C-4BB5-B645-BCB087DB7885}.Ad-Hoc|iPhone.Deploy.0 = Release|Any CPU
		{B3405370-022C-4BB5-B645-BCB087DB7885}.Ad-Hoc|iPhoneSimulator.ActiveCfg = Release|Any CPU
		{B3405370-022C-4BB5-B645-BCB087DB7885}.Ad-Hoc|iPhoneSimulator.Build.0 = Release|Any CPU
		{B3405370-022C-4BB5-B645-BCB087DB7885}.Ad-Hoc|iPhoneSimulator.Deploy.0 = Release|Any CPU
		{B3405370-022C-4BB5-B645-BCB087DB7885}.AppStore|Any CPU.ActiveCfg = Release|Any CPU
		{B3405370-022C-4BB5-B645-BCB087DB7885}.AppStore|Any CPU.Build.0 = Release|Any CPU
		{B3405370-022C-4BB5-B645-BCB087DB7885}.AppStore|Any CPU.Deploy.0 = Release|Any CPU
		{B3405370-022C-4BB5-B645-BCB087DB7885}.AppStore|iPhone.ActiveCfg = Release|Any CPU
		{B3405370-022C-4BB5-B645-BCB087DB7885}.AppStore|iPhone.Build.0 = Release|Any CPU
		{B3405370-022C-4BB5-B645-BCB087DB7885}.AppStore|iPhone.Deploy.0 = Release|Any CPU
		{B3405370-022C-4BB5-B645-BCB087DB7885}.AppStore|iPhoneSimulator.ActiveCfg = Release|Any CPU
		{B3405370-022C-4BB5-B645-BCB087DB7885}.AppStore|iPhoneSimulator.Build.0 = Release|Any CPU
		{B3405370-022C-4BB5-B645-BCB087DB7885}.AppStore|iPhoneSimulator.Deploy.0 = Release|Any CPU
		{B3405370-022C-4BB5-B645-BCB087DB7885}.Debug|Any CPU.ActiveCfg = Debug|Any CPU
		{B3405370-022C-4BB5-B645-BCB087DB7885}.Debug|Any CPU.Build.0 = Debug|Any CPU
		{B3405370-022C-4BB5-B645-BCB087DB7885}.Debug|Any CPU.Deploy.0 = Debug|Any CPU
		{B3405370-022C-4BB5-B645-BCB087DB7885}.Debug|iPhone.ActiveCfg = Debug|Any CPU
		{B3405370-022C-4BB5-B645-BCB087DB7885}.Debug|iPhone.Build.0 = Debug|Any CPU
		{B3405370-022C-4BB5-B645-BCB087DB7885}.Debug|iPhone.Deploy.0 = Debug|Any CPU
		{B3405370-022C-4BB5-B645-BCB087DB7885}.Debug|iPhoneSimulator.ActiveCfg = Debug|Any CPU
		{B3405370-022C-4BB5-B645-BCB087DB7885}.Debug|iPhoneSimulator.Build.0 = Debug|Any CPU
		{B3405370-022C-4BB5-B645-BCB087DB7885}.Debug|iPhoneSimulator.Deploy.0 = Debug|Any CPU
		{B3405370-022C-4BB5-B645-BCB087DB7885}.Release|Any CPU.ActiveCfg = Release|Any CPU
		{B3405370-022C-4BB5-B645-BCB087DB7885}.Release|Any CPU.Build.0 = Release|Any CPU
		{B3405370-022C-4BB5-B645-BCB087DB7885}.Release|Any CPU.Deploy.0 = Release|Any CPU
		{B3405370-022C-4BB5-B645-BCB087DB7885}.Release|iPhone.ActiveCfg = Release|Any CPU
		{B3405370-022C-4BB5-B645-BCB087DB7885}.Release|iPhone.Build.0 = Release|Any CPU
		{B3405370-022C-4BB5-B645-BCB087DB7885}.Release|iPhone.Deploy.0 = Release|Any CPU
		{B3405370-022C-4BB5-B645-BCB087DB7885}.Release|iPhoneSimulator.ActiveCfg = Release|Any CPU
		{B3405370-022C-4BB5-B645-BCB087DB7885}.Release|iPhoneSimulator.Build.0 = Release|Any CPU
		{B3405370-022C-4BB5-B645-BCB087DB7885}.Release|iPhoneSimulator.Deploy.0 = Release|Any CPU
	EndGlobalSection
	GlobalSection(SolutionProperties) = preSolution
		HideSolutionNode = FALSE
	EndGlobalSection
EndGlobal
